<?xml version="1.0" encoding="utf-8"?>
<Project ToolsVersion="4.0" xmlns="http://schemas.microsoft.com/developer/msbuild/2003">
  <ItemGroup>
    <Filter Include="Source Files">
      <UniqueIdentifier>{4FC737F1-C7A5-4376-A066-2A32D752A2FF}</UniqueIdentifier>
      <Extensions>cpp;c;cc;cxx;def;odl;idl;hpj;bat;asm;asmx</Extensions>
    </Filter>
    <Filter Include="Header Files">
      <UniqueIdentifier>{93995380-89BD-4b04-88EB-625FBE52EBFB}</UniqueIdentifier>
      <Extensions>h;hh;hpp;hxx;hm;inl;inc;xsd</Extensions>
    </Filter>
    <Filter Include="Resource Files">
      <UniqueIdentifier>{67DA6AB6-F800-4c08-8B7A-83BB121AAD01}</UniqueIdentifier>
      <Extensions>rc;ico;cur;bmp;dlg;rc2;rct;bin;rgs;gif;jpg;jpeg;jpe;resx;tiff;tif;png;wav;mfcribbon-ms</Extensions>
    </Filter>
    <Filter Include="Header Files\Process">
      <UniqueIdentifier>{0748b0dd-33ce-4689-b2c5-4e46e85537e7}</UniqueIdentifier>
    </Filter>
    <Filter Include="Source Files\Process">
      <UniqueIdentifier>{ec2f187a-b97f-4d5d-96d7-5eaa53d357b4}</UniqueIdentifier>
    </Filter>
    <Filter Include="Header Files\GameObject">
      <UniqueIdentifier>{015f3431-e433-4686-80c2-6a898695445d}</UniqueIdentifier>
    </Filter>
    <Filter Include="Header Files\Component">
      <UniqueIdentifier>{9a2e1740-c507-4e39-9741-c5d72cf46f2b}</UniqueIdentifier>
    </Filter>
    <Filter Include="Source Files\Component">
      <UniqueIdentifier>{58eceb7c-f12a-49d2-959a-69c63fe1114c}</UniqueIdentifier>
    </Filter>
    <Filter Include="Source Files\GameObject">
      <UniqueIdentifier>{43cd1c09-b3d2-459b-8c36-bbb1363eb649}</UniqueIdentifier>
    </Filter>
    <Filter Include="Header Files\Utils">
      <UniqueIdentifier>{dc987f06-4468-415c-b5b9-524c3bf57edc}</UniqueIdentifier>
    </Filter>
    <Filter Include="Header Files\Component\Test">
      <UniqueIdentifier>{3eeabc12-dc41-48d1-8f89-a14ba892a649}</UniqueIdentifier>
    </Filter>
    <Filter Include="Source Files\Utils">
      <UniqueIdentifier>{84dc25e9-fb3a-4a86-a4ec-f4fc9df5ede6}</UniqueIdentifier>
    </Filter>
    <Filter Include="Source Files\PingPongPing">
      <UniqueIdentifier>{3028a3ba-089b-41a5-a3c9-4bebf60f4acd}</UniqueIdentifier>
    </Filter>
    <Filter Include="Header Files\PingPongPing">
      <UniqueIdentifier>{d89ec408-e0e6-435c-a9a4-261fde60aa33}</UniqueIdentifier>
    </Filter>
    <Filter Include="Source Files\PingPongPing\Components">
      <UniqueIdentifier>{96e0a0f4-9b41-463b-ba41-825f8aebad85}</UniqueIdentifier>
    </Filter>
    <Filter Include="Source Files\PingPongPing\Powerups">
      <UniqueIdentifier>{b42655eb-f394-42c2-a9b2-5782d559db94}</UniqueIdentifier>
    </Filter>
    <Filter Include="Header Files\PingPongPing\Components">
      <UniqueIdentifier>{22c9db1f-f175-4d75-a152-7a959ce40054}</UniqueIdentifier>
    </Filter>
    <Filter Include="Header Files\PingPongPing\Powerups">
      <UniqueIdentifier>{4cc659ba-5111-4ecf-b531-e697627d5aae}</UniqueIdentifier>
    </Filter>
    <Filter Include="Header Files\PingPongPing\Scenes">
      <UniqueIdentifier>{63056f3b-f7b7-47f3-bbe3-c3a9338f30a4}</UniqueIdentifier>
    </Filter>
    <Filter Include="Source Files\PingPongPing\Scenes">
      <UniqueIdentifier>{fc38dfc9-7d04-4591-986b-ac320716da21}</UniqueIdentifier>
    </Filter>
  </ItemGroup>
  <ItemGroup>
    <ClCompile Include="..\Source\main.cpp">
      <Filter>Source Files</Filter>
    </ClCompile>
    <ClCompile Include="..\Source\CondrewCarzina.cpp">
      <Filter>Source Files</Filter>
    </ClCompile>
    <ClCompile Include="..\Source\Process.cpp">
      <Filter>Source Files\Process</Filter>
    </ClCompile>
    <ClCompile Include="..\Source\ProcessManager.cpp">
      <Filter>Source Files\Process</Filter>
    </ClCompile>
    <ClCompile Include="..\Source\GameObject.cpp">
      <Filter>Source Files\GameObject</Filter>
    </ClCompile>
    <ClCompile Include="..\Source\GameObjectManager.cpp">
      <Filter>Source Files\GameObject</Filter>
    </ClCompile>
    <ClCompile Include="..\Source\Matrices.cpp">
      <Filter>Source Files\Utils</Filter>
    </ClCompile>
    <ClCompile Include="..\Source\PingPongPing.cpp">
      <Filter>Source Files\PingPongPing</Filter>
    </ClCompile>
    <ClCompile Include="..\Source\GameScreen.cpp">
      <Filter>Source Files\PingPongPing\Scenes</Filter>
    </ClCompile>
    <ClCompile Include="..\Source\MainMenu.cpp">
      <Filter>Source Files\PingPongPing\Scenes</Filter>
    </ClCompile>
    <ClCompile Include="..\Source\SplashScreen.cpp">
      <Filter>Source Files\PingPongPing\Scenes</Filter>
    </ClCompile>
    <ClCompile Include="..\Source\Player.cpp">
      <Filter>Source Files\PingPongPing\Components</Filter>
    </ClCompile>
    <ClCompile Include="..\Source\Ball.cpp">
      <Filter>Source Files\PingPongPing\Components</Filter>
    </ClCompile>
  </ItemGroup>
  <ItemGroup>
    <ClInclude Include="..\Source\CondrewCarzina.h">
      <Filter>Header Files</Filter>
    </ClInclude>
    <ClInclude Include="..\Source\Process.h">
      <Filter>Header Files\Process</Filter>
    </ClInclude>
    <ClInclude Include="..\Source\ProcessManager.h">
      <Filter>Header Files\Process</Filter>
    </ClInclude>
    <ClInclude Include="..\Source\GameObject.h">
      <Filter>Header Files\GameObject</Filter>
    </ClInclude>
    <ClInclude Include="..\Source\Component.h">
      <Filter>Header Files\Component</Filter>
    </ClInclude>
    <ClInclude Include="..\Source\StringUtils.h">
      <Filter>Header Files\Utils</Filter>
    </ClInclude>
    <ClInclude Include="..\Source\Imports.h">
      <Filter>Header Files\Utils</Filter>
    </ClInclude>
    <ClInclude Include="..\Source\TransformComponent.h">
      <Filter>Header Files\Component</Filter>
    </ClInclude>
    <ClInclude Include="..\Source\GameObjectManager.h">
      <Filter>Header Files\GameObject</Filter>
    </ClInclude>
    <ClInclude Include="..\Source\InputComponent.h">
      <Filter>Header Files\Component</Filter>
    </ClInclude>
    <ClInclude Include="..\Source\RenderComponent.h">
      <Filter>Header Files\Component</Filter>
    </ClInclude>
    <ClInclude Include="..\Source\ChildInput.h">
      <Filter>Header Files\Component\Test</Filter>
    </ClInclude>
    <ClInclude Include="..\Source\ParentInput.h">
      <Filter>Header Files\Component\Test</Filter>
    </ClInclude>
    <ClInclude Include="..\Source\Vectors.h">
      <Filter>Header Files\Utils</Filter>
    </ClInclude>
    <ClInclude Include="..\Source\Matrices.h">
      <Filter>Header Files\Utils</Filter>
    </ClInclude>
    <ClInclude Include="..\Source\PingPongPing.h">
      <Filter>Header Files\PingPongPing</Filter>
    </ClInclude>
    <ClInclude Include="..\Source\SpeedUpPowerup.h">
      <Filter>Header Files\PingPongPing\Powerups</Filter>
    </ClInclude>
    <ClInclude Include="..\Source\SlowDownPowerup.h">
      <Filter>Header Files\PingPongPing\Powerups</Filter>
    </ClInclude>
    <ClInclude Include="..\Source\Player.h">
      <Filter>Header Files\PingPongPing\Components</Filter>
    </ClInclude>
    <ClInclude Include="..\Source\Powerup.h">
      <Filter>Header Files\PingPongPing\Powerups</Filter>
    </ClInclude>
    <ClInclude Include="..\Source\SplashScreen.h">
      <Filter>Header Files\PingPongPing\Scenes</Filter>
    </ClInclude>
    <ClInclude Include="..\Source\MainMenu.h">
      <Filter>Header Files\PingPongPing\Scenes</Filter>
    </ClInclude>
    <ClInclude Include="..\Source\GameScreen.h">
      <Filter>Header Files\PingPongPing\Scenes</Filter>
    </ClInclude>
    <ClInclude Include="..\Source\Ball.h">
      <Filter>Header Files\PingPongPing\Components</Filter>
    </ClInclude>
    <ClInclude Include="..\Source\PowerupType.h">
      <Filter>Header Files\PingPongPing\Powerups</Filter>
    </ClInclude>
    <ClInclude Include="..\Source\Scene.h">
      <Filter>Header Files\PingPongPing\Scenes</Filter>
    </ClInclude>
    <ClInclude Include="..\Source\SceneManager.h">
      <Filter>Header Files</Filter>
    </ClInclude>
  </ItemGroup>
</Project>